
Microsoft Visual Studio Solution File, Format Version 12.00
# Visual Studio Version 16
VisualStudioVersion = 16.0.31205.134
MinimumVisualStudioVersion = 10.0.40219.1
Project("{9A19103F-16F7-4668-BE54-9A1E7A4F7556}") = "1.CalorieCounter", "1.CalorieCounter\1.CalorieCounter.csproj", "{1F56F570-7122-40AB-B502-2C1D4D3DEDCE}"
EndProject
Project("{FAE04EC0-301F-11D3-BF4B-00C04F79EFBC}") = "2.RockPaperScissor", "2.RockPaperScissor\2.RockPaperScissor.csproj", "{D425B18F-D794-4A9F-95B9-08B16C1C73ED}"
EndProject
Project("{FAE04EC0-301F-11D3-BF4B-00C04F79EFBC}") = "3.Rucksacks", "3.Rucksacks\3.Rucksacks.csproj", "{06FF04F4-6D8B-406D-B1F6-4512D62697D5}"
EndProject
Project("{FAE04EC0-301F-11D3-BF4B-00C04F79EFBC}") = "4.CampCleanup", "4.CampCleanup\4.CampCleanup.csproj", "{DD82AFD5-EFC1-44BC-8529-0B8F803825AD}"
EndProject
Project("{FAE04EC0-301F-11D3-BF4B-00C04F79EFBC}") = "5.SupplyStacks", "5.SupplyStacks\5.SupplyStacks.csproj", "{7128A4E7-945F-4BF2-895C-C1FF7B0BB466}"
EndProject
Global
	GlobalSection(SolutionConfigurationPlatforms) = preSolution
		Debug|Any CPU = Debug|Any CPU
		Release|Any CPU = Release|Any CPU
	EndGlobalSection
	GlobalSection(ProjectConfigurationPlatforms) = postSolution
		{1F56F570-7122-40AB-B502-2C1D4D3DEDCE}.Debug|Any CPU.ActiveCfg = Debug|Any CPU
		{1F56F570-7122-40AB-B502-2C1D4D3DEDCE}.Debug|Any CPU.Build.0 = Debug|Any CPU
		{1F56F570-7122-40AB-B502-2C1D4D3DEDCE}.Release|Any CPU.ActiveCfg = Release|Any CPU
		{1F56F570-7122-40AB-B502-2C1D4D3DEDCE}.Release|Any CPU.Build.0 = Release|Any CPU
		{D425B18F-D794-4A9F-95B9-08B16C1C73ED}.Debug|Any CPU.ActiveCfg = Debug|Any CPU
		{D425B18F-D794-4A9F-95B9-08B16C1C73ED}.Debug|Any CPU.Build.0 = Debug|Any CPU
		{D425B18F-D794-4A9F-95B9-08B16C1C73ED}.Release|Any CPU.ActiveCfg = Release|Any CPU
		{D425B18F-D794-4A9F-95B9-08B16C1C73ED}.Release|Any CPU.Build.0 = Release|Any CPU
		{06FF04F4-6D8B-406D-B1F6-4512D62697D5}.Debug|Any CPU.ActiveCfg = Debug|Any CPU
		{06FF04F4-6D8B-406D-B1F6-4512D62697D5}.Debug|Any CPU.Build.0 = Debug|Any CPU
		{06FF04F4-6D8B-406D-B1F6-4512D62697D5}.Release|Any CPU.ActiveCfg = Release|Any CPU
		{06FF04F4-6D8B-406D-B1F6-4512D62697D5}.Release|Any CPU.Build.0 = Release|Any CPU
		{DD82AFD5-EFC1-44BC-8529-0B8F803825AD}.Debug|Any CPU.ActiveCfg = Debug|Any CPU
		{DD82AFD5-EFC1-44BC-8529-0B8F803825AD}.Debug|Any CPU.Build.0 = Debug|Any CPU
		{DD82AFD5-EFC1-44BC-8529-0B8F803825AD}.Release|Any CPU.ActiveCfg = Release|Any CPU
		{DD82AFD5-EFC1-44BC-8529-0B8F803825AD}.Release|Any CPU.Build.0 = Release|Any CPU
		{7128A4E7-945F-4BF2-895C-C1FF7B0BB466}.Debug|Any CPU.ActiveCfg = Debug|Any CPU
		{7128A4E7-945F-4BF2-895C-C1FF7B0BB466}.Debug|Any CPU.Build.0 = Debug|Any CPU
		{7128A4E7-945F-4BF2-895C-C1FF7B0BB466}.Release|Any CPU.ActiveCfg = Release|Any CPU
		{7128A4E7-945F-4BF2-895C-C1FF7B0BB466}.Release|Any CPU.Build.0 = Release|Any CPU
	EndGlobalSection
	GlobalSection(SolutionProperties) = preSolution
		HideSolutionNode = FALSE
	EndGlobalSection
	GlobalSection(ExtensibilityGlobals) = postSolution
		SolutionGuid = {CC25DC22-CA05-4E52-A9A0-F26CF6183150}
	EndGlobalSection
EndGlobal
