
Microsoft Visual Studio Solution File, Format Version 12.00
# Visual Studio Version 16
VisualStudioVersion = 16.0.31205.134
MinimumVisualStudioVersion = 10.0.40219.1
Project("{9A19103F-16F7-4668-BE54-9A1E7A4F7556}") = "1.CalorieCounter", "1.CalorieCounter\1.CalorieCounter.csproj", "{1F56F570-7122-40AB-B502-2C1D4D3DEDCE}"
EndProject
Global
	GlobalSection(SolutionConfigurationPlatforms) = preSolution
		Debug|Any CPU = Debug|Any CPU
		Release|Any CPU = Release|Any CPU
	EndGlobalSection
	GlobalSection(ProjectConfigurationPlatforms) = postSolution
		{1F56F570-7122-40AB-B502-2C1D4D3DEDCE}.Debug|Any CPU.ActiveCfg = Debug|Any CPU
		{1F56F570-7122-40AB-B502-2C1D4D3DEDCE}.Debug|Any CPU.Build.0 = Debug|Any CPU
		{1F56F570-7122-40AB-B502-2C1D4D3DEDCE}.Release|Any CPU.ActiveCfg = Release|Any CPU
		{1F56F570-7122-40AB-B502-2C1D4D3DEDCE}.Release|Any CPU.Build.0 = Release|Any CPU
	EndGlobalSection
	GlobalSection(SolutionProperties) = preSolution
		HideSolutionNode = FALSE
	EndGlobalSection
	GlobalSection(ExtensibilityGlobals) = postSolution
		SolutionGuid = {CC25DC22-CA05-4E52-A9A0-F26CF6183150}
	EndGlobalSection
EndGlobal
